
Microsoft Visual Studio Solution File, Format Version 12.00
# Visual Studio Version 17
VisualStudioVersion = 17.5.33516.290
MinimumVisualStudioVersion = 10.0.40219.1
Project("{6989167D-11E4-40FE-8C1A-2192A86A7E90}") = "ABY_Perturbed_two_Body", "ABY_Perturbed_two_Body\ABY_Perturbed_two_Body.vfproj", "{6581FDB4-124C-435D-96CD-3868E3E6A19E}"
EndProject
Global
	GlobalSection(SolutionConfigurationPlatforms) = preSolution
		Debug|x64 = Debug|x64
		Debug|x86 = Debug|x86
		Release|x64 = Release|x64
		Release|x86 = Release|x86
	EndGlobalSection
	GlobalSection(ProjectConfigurationPlatforms) = postSolution
		{6581FDB4-124C-435D-96CD-3868E3E6A19E}.Debug|x64.ActiveCfg = Debug|x64
		{6581FDB4-124C-435D-96CD-3868E3E6A19E}.Debug|x64.Build.0 = Debug|x64
		{6581FDB4-124C-435D-96CD-3868E3E6A19E}.Debug|x86.ActiveCfg = Debug|Win32
		{6581FDB4-124C-435D-96CD-3868E3E6A19E}.Debug|x86.Build.0 = Debug|Win32
		{6581FDB4-124C-435D-96CD-3868E3E6A19E}.Release|x64.ActiveCfg = Release|x64
		{6581FDB4-124C-435D-96CD-3868E3E6A19E}.Release|x64.Build.0 = Release|x64
		{6581FDB4-124C-435D-96CD-3868E3E6A19E}.Release|x86.ActiveCfg = Release|Win32
		{6581FDB4-124C-435D-96CD-3868E3E6A19E}.Release|x86.Build.0 = Release|Win32
	EndGlobalSection
	GlobalSection(SolutionProperties) = preSolution
		HideSolutionNode = FALSE
	EndGlobalSection
	GlobalSection(ExtensibilityGlobals) = postSolution
		SolutionGuid = {2F446041-040B-43BB-8CBE-0B72ADCF0470}
	EndGlobalSection
EndGlobal
